// !$*UTF8*$!
{
	archiveVersion = 1;
	classes = {
	};
	objectVersion = 48;
	objects = {

/* Begin PBXBuildFile section */
		3C6F3D8E1F9CCEDB0000E204 /* AppDelegate.swift in Sources */ = {isa = PBXBuildFile; fileRef = 3C6F3D8D1F9CCEDB0000E204 /* AppDelegate.swift */; };
		3C6F3D901F9CCEDB0000E204 /* ViewController.swift in Sources */ = {isa = PBXBuildFile; fileRef = 3C6F3D8F1F9CCEDB0000E204 /* ViewController.swift */; };
		3C6F3D931F9CCEDB0000E204 /* Main.storyboard in Resources */ = {isa = PBXBuildFile; fileRef = 3C6F3D911F9CCEDB0000E204 /* Main.storyboard */; };
		3C6F3D951F9CCEDB0000E204 /* Assets.xcassets in Resources */ = {isa = PBXBuildFile; fileRef = 3C6F3D941F9CCEDB0000E204 /* Assets.xcassets */; };
		3C6F3D981F9CCEDB0000E204 /* LaunchScreen.storyboard in Resources */ = {isa = PBXBuildFile; fileRef = 3C6F3D961F9CCEDB0000E204 /* LaunchScreen.storyboard */; };
/* End PBXBuildFile section */

/* Begin PBXFileReference section */
		3C6F3D8A1F9CCEDB0000E204 /* BarButtonItemAnimationDemo.app */ = {isa = PBXFileReference; explicitFileType = wrapper.application; includeInIndex = 0; path = BarButtonItemAnimationDemo.app; sourceTree = BUILT_PRODUCTS_DIR; };
		3C6F3D8D1F9CCEDB0000E204 /* AppDelegate.swift */ = {isa = PBXFileReference; lastKnownFileType = sourcecode.swift; path = AppDelegate.swift; sourceTree = "<group>"; };
		3C6F3D8F1F9CCEDB0000E204 /* ViewController.swift */ = {isa = PBXFileReference; lastKnownFileType = sourcecode.swift; path = ViewController.swift; sourceTree = "<group>"; };
		3C6F3D921F9CCEDB0000E204 /* Base */ = {isa = PBXFileReference; lastKnownFileType = file.storyboard; name = Base; path = Base.lproj/Main.storyboard; sourceTree = "<group>"; };
		3C6F3D941F9CCEDB0000E204 /* Assets.xcassets */ = {isa = PBXFileReference; lastKnownFileType = folder.assetcatalog; path = Assets.xcassets; sourceTree = "<group>"; };
		3C6F3D971F9CCEDB0000E204 /* Base */ = {isa = PBXFileReference; lastKnownFileType = file.storyboard; name = Base; path = Base.lproj/LaunchScreen.storyboard; sourceTree = "<group>"; };
		3C6F3D991F9CCEDB0000E204 /* Info.plist */ = {isa = PBXFileReference; lastKnownFileType = text.plist.xml; path = Info.plist; sourceTree = "<group>"; };
/* End PBXFileReference section */

/* Begin PBXFrameworksBuildPhase section */
		3C6F3D871F9CCEDB0000E204 /* Frameworks */ = {
			isa = PBXFrameworksBuildPhase;
			buildActionMask = 2147483647;
			files = (
			);
			runOnlyForDeploymentPostprocessing = 0;
		};
/* End PBXFrameworksBuildPhase section */

/* Begin PBXGroup section */
		3C6F3D811F9CCEDB0000E204 = {
			isa = PBXGroup;
			children = (
				3C6F3D8C1F9CCEDB0000E204 /* BarButtonItemAnimationDemo */,
				3C6F3D8B1F9CCEDB0000E204 /* Products */,
			);
			sourceTree = "<group>";
		};
		3C6F3D8B1F9CCEDB0000E204 /* Products */ = {
			isa = PBXGroup;
			children = (
				3C6F3D8A1F9CCEDB0000E204 /* BarButtonItemAnimationDemo.app */,
			);
			name = Products;
			sourceTree = "<group>";
		};
		3C6F3D8C1F9CCEDB0000E204 /* BarButtonItemAnimationDemo */ = {
			isa = PBXGroup;
			children = (
				3C6F3D8D1F9CCEDB0000E204 /* AppDelegate.swift */,
				3C6F3D8F1F9CCEDB0000E204 /* ViewController.swift */,
				3C6F3D911F9CCEDB0000E204 /* Main.storyboard */,
				3C6F3D941F9CCEDB0000E204 /* Assets.xcassets */,
				3C6F3D961F9CCEDB0000E204 /* LaunchScreen.storyboard */,
				3C6F3D991F9CCEDB0000E204 /* Info.plist */,
			);
			path = BarButtonItemAnimationDemo;
			sourceTree = "<group>";
		};
/* End PBXGroup section */

/* Begin PBXNativeTarget section */
		3C6F3D891F9CCEDB0000E204 /* BarButtonItemAnimationDemo */ = {
			isa = PBXNativeTarget;
			buildConfigurationList = 3C6F3D9C1F9CCEDB0000E204 /* Build configuration list for PBXNativeTarget "BarButtonItemAnimationDemo" */;
			buildPhases = (
				3C6F3D861F9CCEDB0000E204 /* Sources */,
				3C6F3D871F9CCEDB0000E204 /* Frameworks */,
				3C6F3D881F9CCEDB0000E204 /* Resources */,
			);
			buildRules = (
			);
			dependencies = (
			);
			name = BarButtonItemAnimationDemo;
			productName = BarButtonItemAnimationDemo;
			productReference = 3C6F3D8A1F9CCEDB0000E204 /* BarButtonItemAnimationDemo.app */;
			productType = "com.apple.product-type.application";
		};
/* End PBXNativeTarget section */

/* Begin PBXProject section */
		3C6F3D821F9CCEDB0000E204 /* Project object */ = {
			isa = PBXProject;
			attributes = {
				LastSwiftUpdateCheck = 0900;
				LastUpgradeCheck = 0900;
				ORGANIZATIONNAME = DanilovDev;
				TargetAttributes = {
					3C6F3D891F9CCEDB0000E204 = {
						CreatedOnToolsVersion = 9.0;
						ProvisioningStyle = Automatic;
					};
				};
			};
			buildConfigurationList = 3C6F3D851F9CCEDB0000E204 /* Build configuration list for PBXProject "BarButtonItemAnimationDemo" */;
			compatibilityVersion = "Xcode 8.0";
			developmentRegion = en;
			hasScannedForEncodings = 0;
			knownRegions = (
				en,
				Base,
			);
			mainGroup = 3C6F3D811F9CCEDB0000E204;
			productRefGroup = 3C6F3D8B1F9CCEDB0000E204 /* Products */;
			projectDirPath = "";
			projectRoot = "";
			targets = (
				3C6F3D891F9CCEDB0000E204 /* BarButtonItemAnimationDemo */,
			);
		};
/* End PBXProject section */

/* Begin PBXResourcesBuildPhase section */
		3C6F3D881F9CCEDB0000E204 /* Resources */ = {
			isa = PBXResourcesBuildPhase;
			buildActionMask = 2147483647;
			files = (
				3C6F3D981F9CCEDB0000E204 /* LaunchScreen.storyboard in Resources */,
				3C6F3D951F9CCEDB0000E204 /* Assets.xcassets in Resources */,
				3C6F3D931F9CCEDB0000E204 /* Main.storyboard in Resources */,
			);
			runOnlyForDeploymentPostprocessing = 0;
		};
/* End PBXResourcesBuildPhase section */

/* Begin PBXSourcesBuildPhase section */
		3C6F3D861F9CCEDB0000E204 /* Sources */ = {
			isa = PBXSourcesBuildPhase;
			buildActionMask = 2147483647;
			files = (
				3C6F3D901F9CCEDB0000E204 /* ViewController.swift in Sources */,
				3C6F3D8E1F9CCEDB0000E204 /* AppDelegate.swift in Sources */,
			);
			runOnlyForDeploymentPostprocessing = 0;
		};
/* End PBXSourcesBuildPhase section */

/* Begin PBXVariantGroup section */
		3C6F3D911F9CCEDB0000E204 /* Main.storyboard */ = {
			isa = PBXVariantGroup;
			children = (
				3C6F3D921F9CCEDB0000E204 /* Base */,
			);
			name = Main.storyboard;
			sourceTree = "<group>";
		};
		3C6F3D961F9CCEDB0000E204 /* LaunchScreen.storyboard */ = {
			isa = PBXVariantGroup;
			children = (
				3C6F3D971F9CCEDB0000E204 /* Base */,
			);
			name = LaunchScreen.storyboard;
			sourceTree = "<group>";
		};
/* End PBXVariantGroup section */

/* Begin XCBuildConfiguration section */
		3C6F3D9A1F9CCEDB0000E204 /* Debug */ = {
			isa = XCBuildConfiguration;
			buildSettings = {
				ALWAYS_SEARCH_USER_PATHS = NO;
				CLANG_ANALYZER_NONNULL = YES;
				CLANG_ANALYZER_NUMBER_OBJECT_CONVERSION = YES_AGGRESSIVE;
				CLANG_CXX_LANGUAGE_STANDARD = "gnu++14";
				CLANG_CXX_LIBRARY = "libc++";
				CLANG_ENABLE_MODULES = YES;
				CLANG_ENABLE_OBJC_ARC = YES;
				CLANG_WARN_BLOCK_CAPTURE_AUTORELEASING = YES;
				CLANG_WARN_BOOL_CONVERSION = YES;
				CLANG_WARN_COMMA = YES;
				CLANG_WARN_CONSTANT_CONVERSION = YES;
				CLANG_WARN_DIRECT_OBJC_ISA_USAGE = YES_ERROR;
				CLANG_WARN_DOCUMENTATION_COMMENTS = YES;
				CLANG_WARN_EMPTY_BODY = YES;
				CLANG_WARN_ENUM_CONVERSION = YES;
				CLANG_WARN_INFINITE_RECURSION = YES;
				CLANG_WARN_INT_CONVERSION = YES;
				CLANG_WARN_NON_LITERAL_NULL_CONVERSION = YES;
				CLANG_WARN_OBJC_LITERAL_CONVERSION = YES;
				CLANG_WARN_OBJC_ROOT_CLASS = YES_ERROR;
				CLANG_WARN_RANGE_LOOP_ANALYSIS = YES;
				CLANG_WARN_STRICT_PROTOTYPES = YES;
				CLANG_WARN_SUSPICIOUS_MOVE = YES;
				CLANG_WARN_UNGUARDED_AVAILABILITY = YES_AGGRESSIVE;
				CLANG_WARN_UNREACHABLE_CODE = YES;
				CLANG_WARN__DUPLICATE_METHOD_MATCH = YES;
				CODE_SIGN_IDENTITY = "iPhone Developer";
				COPY_PHASE_STRIP = NO;
				DEBUG_INFORMATION_FORMAT = dwarf;
				ENABLE_STRICT_OBJC_MSGSEND = YES;
				ENABLE_TESTABILITY = YES;
				GCC_C_LANGUAGE_STANDARD = gnu11;
				GCC_DYNAMIC_NO_PIC = NO;
				GCC_NO_COMMON_BLOCKS = YES;
				GCC_OPTIMIZATION_LEVEL = 0;
				GCC_PREPROCESSOR_DEFINITIONS = (
					"DEBUG=1",
					"$(inherited)",
				);
				GCC_WARN_64_TO_32_BIT_CONVERSION = YES;
				GCC_WARN_ABOUT_RETURN_TYPE = YES_ERROR;
				GCC_WARN_UNDECLARED_SELECTOR = YES;
				GCC_WARN_UNINITIALIZED_AUTOS = YES_AGGRESSIVE;
				GCC_WARN_UNUSED_FUNCTION = YES;
				GCC_WARN_UNUSED_VARIABLE = YES;
				IPHONEOS_DEPLOYMENT_TARGET = 11.0;
				MTL_ENABLE_DEBUG_INFO = YES;
				ONLY_ACTIVE_ARCH = YES;
				SDKROOT = iphoneos;
				SWIFT_ACTIVE_COMPILATION_CONDITIONS = DEBUG;
				SWIFT_OPTIMIZATION_LEVEL = "-Onone";
			};
			name = Debug;
		};
		3C6F3D9B1F9CCEDB0000E204 /* Release */ = {
			isa = XCBuildConfiguration;
			buildSettings = {
				ALWAYS_SEARCH_USER_PATHS = NO;
				CLANG_ANALYZER_NONNULL = YES;
				CLANG_ANALYZER_NUMBER_OBJECT_CONVERSION = YES_AGGRESSIVE;
				CLANG_CXX_LANGUAGE_STANDARD = "gnu++14";
				CLANG_CXX_LIBRARY = "libc++";
				CLANG_ENABLE_MODULES = YES;
				CLANG_ENABLE_OBJC_ARC = YES;
				CLANG_WARN_BLOCK_CAPTURE_AUTORELEASING = YES;
				CLANG_WARN_BOOL_CONVERSION = YES;
				CLANG_WARN_COMMA = YES;
				CLANG_WARN_CONSTANT_CONVERSION = YES;
				CLANG_WARN_DIRECT_OBJC_ISA_USAGE = YES_ERROR;
				CLANG_WARN_DOCUMENTATION_COMMENTS = YES;
				CLANG_WARN_EMPTY_BODY = YES;
				CLANG_WARN_ENUM_CONVERSION = YES;
				CLANG_WARN_INFINITE_RECURSION = YES;
				CLANG_WARN_INT_CONVERSION = YES;
				CLANG_WARN_NON_LITERAL_NULL_CONVERSION = YES;
				CLANG_WARN_OBJC_LITERAL_CONVERSION = YES;
				CLANG_WARN_OBJC_ROOT_CLASS = YES_ERROR;
				CLANG_WARN_RANGE_LOOP_ANALYSIS = YES;
				CLANG_WARN_STRICT_PROTOTYPES = YES;
				CLANG_WARN_SUSPICIOUS_MOVE = YES;
				CLANG_WARN_UNGUARDED_AVAILABILITY = YES_AGGRESSIVE;
				CLANG_WARN_UNREACHABLE_CODE = YES;
				CLANG_WARN__DUPLICATE_METHOD_MATCH = YES;
				CODE_SIGN_IDENTITY = "iPhone Developer";
				COPY_PHASE_STRIP = NO;
				DEBUG_INFORMATION_FORMAT = "dwarf-with-dsym";
				ENABLE_NS_ASSERTIONS = NO;
				ENABLE_STRICT_OBJC_MSGSEND = YES;
				GCC_C_LANGUAGE_STANDARD = gnu11;
				GCC_NO_COMMON_BLOCKS = YES;
				GCC_WARN_64_TO_32_BIT_CONVERSION = YES;
				GCC_WARN_ABOUT_RETURN_TYPE = YES_ERROR;
				GCC_WARN_UNDECLARED_SELECTOR = YES;
				GCC_WARN_UNINITIALIZED_AUTOS = YES_AGGRESSIVE;
				GCC_WARN_UNUSED_FUNCTION = YES;
				GCC_WARN_UNUSED_VARIABLE = YES;
				IPHONEOS_DEPLOYMENT_TARGET = 11.0;
				MTL_ENABLE_DEBUG_INFO = NO;
				SDKROOT = iphoneos;
				SWIFT_OPTIMIZATION_LEVEL = "-Owholemodule";
				VALIDATE_PRODUCT = YES;
			};
			name = Release;
		};
		3C6F3D9D1F9CCEDB0000E204 /* Debug */ = {
			isa = XCBuildConfiguration;
			buildSettings = {
				ASSETCATALOG_COMPILER_APPICON_NAME = AppIcon;
				CODE_SIGN_STYLE = Automatic;
				DEVELOPMENT_TEAM = G9F5S24X43;
				INFOPLIST_FILE = BarButtonItemAnimationDemo/Info.plist;
				LD_RUNPATH_SEARCH_PATHS = "$(inherited) @executable_path/Frameworks";
				PRODUCT_BUNDLE_IDENTIFIER = com.danilovdev.BarButtonItemAnimationDemo;
				PRODUCT_NAME = "$(TARGET_NAME)";
				SWIFT_VERSION = 4.0;
				TARGETED_DEVICE_FAMILY = "1,2";
			};
			name = Debug;
		};
		3C6F3D9E1F9CCEDB0000E204 /* Release */ = {
			isa = XCBuildConfiguration;
			buildSettings = {
				ASSETCATALOG_COMPILER_APPICON_NAME = AppIcon;
				CODE_SIGN_STYLE = Automatic;
				DEVELOPMENT_TEAM = G9F5S24X43;
				INFOPLIST_FILE = BarButtonItemAnimationDemo/Info.plist;
				LD_RUNPATH_SEARCH_PATHS = "$(inherited) @executable_path/Frameworks";
				PRODUCT_BUNDLE_IDENTIFIER = com.danilovdev.BarButtonItemAnimationDemo;
				PRODUCT_NAME = "$(TARGET_NAME)";
				SWIFT_VERSION = 4.0;
				TARGETED_DEVICE_FAMILY = "1,2";
			};
			name = Release;
		};
/* End XCBuildConfiguration section */

/* Begin XCConfigurationList section */
		3C6F3D851F9CCEDB0000E204 /* Build configuration list for PBXProject "BarButtonItemAnimationDemo" */ = {
			isa = XCConfigurationList;
			buildConfigurations = (
				3C6F3D9A1F9CCEDB0000E204 /* Debug */,
				3C6F3D9B1F9CCEDB0000E204 /* Release */,
			);
			defaultConfigurationIsVisible = 0;
			defaultConfigurationName = Release;
		};
		3C6F3D9C1F9CCEDB0000E204 /* Build configuration list for PBXNativeTarget "BarButtonItemAnimationDemo" */ = {
			isa = XCConfigurationList;
			buildConfigurations = (
				3C6F3D9D1F9CCEDB0000E204 /* Debug */,
				3C6F3D9E1F9CCEDB0000E204 /* Release */,
			);
			defaultConfigurationIsVisible = 0;
			defaultConfigurationName = Release;
		};
/* End XCConfigurationList section */
	};
	rootObject = 3C6F3D821F9CCEDB0000E204 /* Project object */;
}
